
Microsoft Visual Studio Solution File, Format Version 12.00
# Visual Studio Version 16
VisualStudioVersion = 16.0.32413.511
MinimumVisualStudioVersion = 10.0.40219.1
Project("{FAE04EC0-301F-11D3-BF4B-00C04F79EFBC}") = "SILAEV_PRACT_DEDA_8", "SILAEV_PRACT_DEDA_8\SILAEV_PRACT_DEDA_8.csproj", "{968C843F-5D8B-4D5C-A777-6BF22FFE7A0D}"
EndProject
Global
	GlobalSection(SolutionConfigurationPlatforms) = preSolution
		Debug|Any CPU = Debug|Any CPU
		Release|Any CPU = Release|Any CPU
	EndGlobalSection
	GlobalSection(ProjectConfigurationPlatforms) = postSolution
		{968C843F-5D8B-4D5C-A777-6BF22FFE7A0D}.Debug|Any CPU.ActiveCfg = Debug|Any CPU
		{968C843F-5D8B-4D5C-A777-6BF22FFE7A0D}.Debug|Any CPU.Build.0 = Debug|Any CPU
		{968C843F-5D8B-4D5C-A777-6BF22FFE7A0D}.Release|Any CPU.ActiveCfg = Release|Any CPU
		{968C843F-5D8B-4D5C-A777-6BF22FFE7A0D}.Release|Any CPU.Build.0 = Release|Any CPU
	EndGlobalSection
	GlobalSection(SolutionProperties) = preSolution
		HideSolutionNode = FALSE
	EndGlobalSection
	GlobalSection(ExtensibilityGlobals) = postSolution
		SolutionGuid = {9D8894B8-0EAF-4CDC-8682-5B217F11412D}
	EndGlobalSection
EndGlobal
